
Microsoft Visual Studio Solution File, Format Version 12.00
# Visual Studio 15
VisualStudioVersion = 15.0.28010.2050
MinimumVisualStudioVersion = 10.0.40219.1
Project("{9A19103F-16F7-4668-BE54-9A1E7A4F7556}") = "LibFlacSharp", "LibFlacSharp\LibFlacSharp.csproj", "{4FB3E8EE-7186-4D20-82B7-28500FA8D26B}"
EndProject
Project("{FAE04EC0-301F-11D3-BF4B-00C04F79EFBC}") = "LibFlacSharp.UWPTest", "LibFlacSharp.UWPTest\LibFlacSharp.UWPTest.csproj", "{C8E6526F-CA36-4FA7-970E-1C52E5E0410A}"
EndProject
Global
	GlobalSection(SolutionConfigurationPlatforms) = preSolution
		Debug|Any CPU = Debug|Any CPU
		Debug|ARM = Debug|ARM
		Debug|x64 = Debug|x64
		Debug|x86 = Debug|x86
		Release|Any CPU = Release|Any CPU
		Release|ARM = Release|ARM
		Release|x64 = Release|x64
		Release|x86 = Release|x86
	EndGlobalSection
	GlobalSection(ProjectConfigurationPlatforms) = postSolution
		{4FB3E8EE-7186-4D20-82B7-28500FA8D26B}.Debug|Any CPU.ActiveCfg = Debug|Any CPU
		{4FB3E8EE-7186-4D20-82B7-28500FA8D26B}.Debug|Any CPU.Build.0 = Debug|Any CPU
		{4FB3E8EE-7186-4D20-82B7-28500FA8D26B}.Debug|ARM.ActiveCfg = Debug|Any CPU
		{4FB3E8EE-7186-4D20-82B7-28500FA8D26B}.Debug|ARM.Build.0 = Debug|Any CPU
		{4FB3E8EE-7186-4D20-82B7-28500FA8D26B}.Debug|x64.ActiveCfg = Debug|Any CPU
		{4FB3E8EE-7186-4D20-82B7-28500FA8D26B}.Debug|x64.Build.0 = Debug|Any CPU
		{4FB3E8EE-7186-4D20-82B7-28500FA8D26B}.Debug|x86.ActiveCfg = Debug|Any CPU
		{4FB3E8EE-7186-4D20-82B7-28500FA8D26B}.Debug|x86.Build.0 = Debug|Any CPU
		{4FB3E8EE-7186-4D20-82B7-28500FA8D26B}.Release|Any CPU.ActiveCfg = Release|Any CPU
		{4FB3E8EE-7186-4D20-82B7-28500FA8D26B}.Release|Any CPU.Build.0 = Release|Any CPU
		{4FB3E8EE-7186-4D20-82B7-28500FA8D26B}.Release|ARM.ActiveCfg = Release|Any CPU
		{4FB3E8EE-7186-4D20-82B7-28500FA8D26B}.Release|ARM.Build.0 = Release|Any CPU
		{4FB3E8EE-7186-4D20-82B7-28500FA8D26B}.Release|x64.ActiveCfg = Release|Any CPU
		{4FB3E8EE-7186-4D20-82B7-28500FA8D26B}.Release|x64.Build.0 = Release|Any CPU
		{4FB3E8EE-7186-4D20-82B7-28500FA8D26B}.Release|x86.ActiveCfg = Release|Any CPU
		{4FB3E8EE-7186-4D20-82B7-28500FA8D26B}.Release|x86.Build.0 = Release|Any CPU
		{C8E6526F-CA36-4FA7-970E-1C52E5E0410A}.Debug|Any CPU.ActiveCfg = Debug|x86
		{C8E6526F-CA36-4FA7-970E-1C52E5E0410A}.Debug|Any CPU.Build.0 = Debug|x86
		{C8E6526F-CA36-4FA7-970E-1C52E5E0410A}.Debug|ARM.ActiveCfg = Debug|ARM
		{C8E6526F-CA36-4FA7-970E-1C52E5E0410A}.Debug|ARM.Build.0 = Debug|ARM
		{C8E6526F-CA36-4FA7-970E-1C52E5E0410A}.Debug|ARM.Deploy.0 = Debug|ARM
		{C8E6526F-CA36-4FA7-970E-1C52E5E0410A}.Debug|x64.ActiveCfg = Debug|x64
		{C8E6526F-CA36-4FA7-970E-1C52E5E0410A}.Debug|x64.Build.0 = Debug|x64
		{C8E6526F-CA36-4FA7-970E-1C52E5E0410A}.Debug|x64.Deploy.0 = Debug|x64
		{C8E6526F-CA36-4FA7-970E-1C52E5E0410A}.Debug|x86.ActiveCfg = Debug|x86
		{C8E6526F-CA36-4FA7-970E-1C52E5E0410A}.Debug|x86.Build.0 = Debug|x86
		{C8E6526F-CA36-4FA7-970E-1C52E5E0410A}.Debug|x86.Deploy.0 = Debug|x86
		{C8E6526F-CA36-4FA7-970E-1C52E5E0410A}.Release|Any CPU.ActiveCfg = Release|x86
		{C8E6526F-CA36-4FA7-970E-1C52E5E0410A}.Release|ARM.ActiveCfg = Release|ARM
		{C8E6526F-CA36-4FA7-970E-1C52E5E0410A}.Release|ARM.Build.0 = Release|ARM
		{C8E6526F-CA36-4FA7-970E-1C52E5E0410A}.Release|ARM.Deploy.0 = Release|ARM
		{C8E6526F-CA36-4FA7-970E-1C52E5E0410A}.Release|x64.ActiveCfg = Release|x64
		{C8E6526F-CA36-4FA7-970E-1C52E5E0410A}.Release|x64.Build.0 = Release|x64
		{C8E6526F-CA36-4FA7-970E-1C52E5E0410A}.Release|x64.Deploy.0 = Release|x64
		{C8E6526F-CA36-4FA7-970E-1C52E5E0410A}.Release|x86.ActiveCfg = Release|x86
		{C8E6526F-CA36-4FA7-970E-1C52E5E0410A}.Release|x86.Build.0 = Release|x86
		{C8E6526F-CA36-4FA7-970E-1C52E5E0410A}.Release|x86.Deploy.0 = Release|x86
	EndGlobalSection
	GlobalSection(SolutionProperties) = preSolution
		HideSolutionNode = FALSE
	EndGlobalSection
	GlobalSection(ExtensibilityGlobals) = postSolution
		SolutionGuid = {92D46391-67F4-4924-B823-19EFFF0ED921}
	EndGlobalSection
EndGlobal
